// !$*UTF8*$!
{
	archiveVersion = 1;
	classes = {
	};
	objectVersion = 46;
	objects = {

/* Begin PBXBuildFile section */
		00C8F1C81F987BD3008D9C8F /* Chatto.framework in CopyFiles */ = {isa = PBXBuildFile; fileRef = E559FC871F97366A00D9D186 /* Chatto.framework */; settings = {ATTRIBUTES = (CodeSignOnCopy, RemoveHeadersOnCopy, ); }; };
		00C8F1C91F987BD3008D9C8F /* ChattoAdditions.framework in CopyFiles */ = {isa = PBXBuildFile; fileRef = E559FC881F97366A00D9D186 /* ChattoAdditions.framework */; settings = {ATTRIBUTES = (CodeSignOnCopy, RemoveHeadersOnCopy, ); }; };
		00CFEA1F1F9DEA3300DFE2DE /* DemoTextMessageHandler.swift in Sources */ = {isa = PBXBuildFile; fileRef = 00CFEA1C1F9DEA3300DFE2DE /* DemoTextMessageHandler.swift */; };
		00CFEA201F9DEA3300DFE2DE /* DemoTextMessageModel.swift in Sources */ = {isa = PBXBuildFile; fileRef = 00CFEA1D1F9DEA3300DFE2DE /* DemoTextMessageModel.swift */; };
		00CFEA211F9DEA3300DFE2DE /* DemoTextMessageViewModel.swift in Sources */ = {isa = PBXBuildFile; fileRef = 00CFEA1E1F9DEA3300DFE2DE /* DemoTextMessageViewModel.swift */; };
		00CFEA251F9DEAD800DFE2DE /* BaseMessageHandler.swift in Sources */ = {isa = PBXBuildFile; fileRef = 00CFEA241F9DEAD800DFE2DE /* BaseMessageHandler.swift */; };
		00CFEA2B1F9DEF9100DFE2DE /* FakeDataSource.swift in Sources */ = {isa = PBXBuildFile; fileRef = 00CFEA271F9DEF9100DFE2DE /* FakeDataSource.swift */; };
		00CFEA2C1F9DEF9100DFE2DE /* FakeMessageFactory.swift in Sources */ = {isa = PBXBuildFile; fileRef = 00CFEA281F9DEF9100DFE2DE /* FakeMessageFactory.swift */; };
		00CFEA2D1F9DEF9100DFE2DE /* FakeMessageSender.swift in Sources */ = {isa = PBXBuildFile; fileRef = 00CFEA291F9DEF9100DFE2DE /* FakeMessageSender.swift */; };
		00CFEA2E1F9DEF9100DFE2DE /* SlidingDatasSource.swift in Sources */ = {isa = PBXBuildFile; fileRef = 00CFEA2A1F9DEF9100DFE2DE /* SlidingDatasSource.swift */; };
		00CFEA311F9DFD6600DFE2DE /* BaseMessageCollectionViewCellAvatarStyle.swift in Sources */ = {isa = PBXBuildFile; fileRef = 00CFEA301F9DFD6600DFE2DE /* BaseMessageCollectionViewCellAvatarStyle.swift */; };
		00CFEA331F9E12C400DFE2DE /* ChatItemsDemoDecorator.swift in Sources */ = {isa = PBXBuildFile; fileRef = 00CFEA321F9E12C400DFE2DE /* ChatItemsDemoDecorator.swift */; };
		00CFEA381F9E133600DFE2DE /* SendingStatusCollectionViewCell.swift in Sources */ = {isa = PBXBuildFile; fileRef = 00CFEA351F9E133600DFE2DE /* SendingStatusCollectionViewCell.swift */; };
		00CFEA391F9E133600DFE2DE /* SendingStatusCollectionViewCell.xib in Resources */ = {isa = PBXBuildFile; fileRef = 00CFEA361F9E133600DFE2DE /* SendingStatusCollectionViewCell.xib */; };
		00CFEA3A1F9E133600DFE2DE /* SendingStatusPresenter.swift in Sources */ = {isa = PBXBuildFile; fileRef = 00CFEA371F9E133600DFE2DE /* SendingStatusPresenter.swift */; };
		00CFEA3C1F9F106700DFE2DE /* V2StartViewController.swift in Sources */ = {isa = PBXBuildFile; fileRef = 00CFEA3B1F9F106700DFE2DE /* V2StartViewController.swift */; };
		00CFEA431F9F667900DFE2DE /* Message+CoreDataClass.swift in Sources */ = {isa = PBXBuildFile; fileRef = 00CFEA411F9F667900DFE2DE /* Message+CoreDataClass.swift */; };
		00CFEA441F9F667900DFE2DE /* Message+CoreDataProperties.swift in Sources */ = {isa = PBXBuildFile; fileRef = 00CFEA421F9F667900DFE2DE /* Message+CoreDataProperties.swift */; };
		00CFEA491F9F66A000DFE2DE /* Conversation+CoreDataClass.swift in Sources */ = {isa = PBXBuildFile; fileRef = 00CFEA451F9F66A000DFE2DE /* Conversation+CoreDataClass.swift */; };
		00CFEA4A1F9F66A000DFE2DE /* Conversation+CoreDataProperties.swift in Sources */ = {isa = PBXBuildFile; fileRef = 00CFEA461F9F66A000DFE2DE /* Conversation+CoreDataProperties.swift */; };
		00CFEA4B1F9F66A000DFE2DE /* User+CoreDataClass.swift in Sources */ = {isa = PBXBuildFile; fileRef = 00CFEA471F9F66A000DFE2DE /* User+CoreDataClass.swift */; };
		00CFEA4C1F9F66A000DFE2DE /* User+CoreDataProperties.swift in Sources */ = {isa = PBXBuildFile; fileRef = 00CFEA481F9F66A000DFE2DE /* User+CoreDataProperties.swift */; };
		00CFEA4F1F9F66EA00DFE2DE /* Media+CoreDataClass.swift in Sources */ = {isa = PBXBuildFile; fileRef = 00CFEA4D1F9F66EA00DFE2DE /* Media+CoreDataClass.swift */; };
		00CFEA501F9F66EA00DFE2DE /* Media+CoreDataProperties.swift in Sources */ = {isa = PBXBuildFile; fileRef = 00CFEA4E1F9F66EA00DFE2DE /* Media+CoreDataProperties.swift */; };
		00CFEA541F9F691B00DFE2DE /* FNS-Health.xcdatamodeld in Sources */ = {isa = PBXBuildFile; fileRef = 00CFEA511F9F691B00DFE2DE /* FNS-Health.xcdatamodeld */; };
		00CFEA581FA062DF00DFE2DE /* MessageDataSource.swift in Sources */ = {isa = PBXBuildFile; fileRef = 00CFEA571FA062DF00DFE2DE /* MessageDataSource.swift */; };
		00CFEA5A1FA0672300DFE2DE /* CoreData.framework in Frameworks */ = {isa = PBXBuildFile; fileRef = 00CFEA591FA0672300DFE2DE /* CoreData.framework */; };
		00CFEA5C1FA08D3C00DFE2DE /* MockMessageFactory.swift in Sources */ = {isa = PBXBuildFile; fileRef = 00CFEA5B1FA08D3C00DFE2DE /* MockMessageFactory.swift */; };
		00CFEA5F1FA1AFC200DFE2DE /* ConversationViewController.swift in Sources */ = {isa = PBXBuildFile; fileRef = 00CFEA5E1FA1AFC200DFE2DE /* ConversationViewController.swift */; };
		00CFEA621FA334FD00DFE2DE /* MessageSender.swift in Sources */ = {isa = PBXBuildFile; fileRef = 00CFEA611FA334FD00DFE2DE /* MessageSender.swift */; };
		00CFEA661FA34FBA00DFE2DE /* FNSBaseMessageHandler.swift in Sources */ = {isa = PBXBuildFile; fileRef = 00CFEA641FA34FBA00DFE2DE /* FNSBaseMessageHandler.swift */; };
		00CFEA671FA34FBA00DFE2DE /* FNSTextMessageHandler.swift in Sources */ = {isa = PBXBuildFile; fileRef = 00CFEA651FA34FBA00DFE2DE /* FNSTextMessageHandler.swift */; };
		E504257D1F975739007B50B1 /* ChatViewController.swift in Sources */ = {isa = PBXBuildFile; fileRef = E504257C1F975739007B50B1 /* ChatViewController.swift */; };
		E54B86F51FA6FF7600A0247B /* V2ChatItemsDecorator.swift in Sources */ = {isa = PBXBuildFile; fileRef = E54B86F41FA6FF7600A0247B /* V2ChatItemsDecorator.swift */; };
		E55557261FAC761000D10BD5 /* SenderTimestampCollectionViewCell.swift in Sources */ = {isa = PBXBuildFile; fileRef = E55557241FAC761000D10BD5 /* SenderTimestampCollectionViewCell.swift */; };
		E55557271FAC761000D10BD5 /* SenderTimestampCollectionViewCell.xib in Resources */ = {isa = PBXBuildFile; fileRef = E55557251FAC761000D10BD5 /* SenderTimestampCollectionViewCell.xib */; };
		E55557291FAC7ADD00D10BD5 /* SenderTimestampModel.swift in Sources */ = {isa = PBXBuildFile; fileRef = E55557281FAC7ADD00D10BD5 /* SenderTimestampModel.swift */; };
		E555572B1FAC7D3E00D10BD5 /* SenderTimestampPresenter.swift in Sources */ = {isa = PBXBuildFile; fileRef = E555572A1FAC7D3A00D10BD5 /* SenderTimestampPresenter.swift */; };
		E559FB781F972EC600D9D186 /* AppDelegate.swift in Sources */ = {isa = PBXBuildFile; fileRef = E559FB771F972EC600D9D186 /* AppDelegate.swift */; };
		E559FB7A1F972EC600D9D186 /* ViewController.swift in Sources */ = {isa = PBXBuildFile; fileRef = E559FB791F972EC600D9D186 /* ViewController.swift */; };
		E559FB7D1F972EC600D9D186 /* Main.storyboard in Resources */ = {isa = PBXBuildFile; fileRef = E559FB7B1F972EC600D9D186 /* Main.storyboard */; };
		E559FB7F1F972EC600D9D186 /* Assets.xcassets in Resources */ = {isa = PBXBuildFile; fileRef = E559FB7E1F972EC600D9D186 /* Assets.xcassets */; };
		E559FB821F972EC600D9D186 /* LaunchScreen.storyboard in Resources */ = {isa = PBXBuildFile; fileRef = E559FB801F972EC600D9D186 /* LaunchScreen.storyboard */; };
		E559FC891F97366B00D9D186 /* Chatto.framework in Frameworks */ = {isa = PBXBuildFile; fileRef = E559FC871F97366A00D9D186 /* Chatto.framework */; };
		E559FC8A1F97366B00D9D186 /* ChattoAdditions.framework in Frameworks */ = {isa = PBXBuildFile; fileRef = E559FC881F97366A00D9D186 /* ChattoAdditions.framework */; };
		E59947721FA3043E009EF294 /* FNSTextMessageViewModel.swift in Sources */ = {isa = PBXBuildFile; fileRef = E59947711FA3043E009EF294 /* FNSTextMessageViewModel.swift */; };
		E59947761FA30F72009EF294 /* FNSTextMessageModel.swift in Sources */ = {isa = PBXBuildFile; fileRef = E59947751FA30F72009EF294 /* FNSTextMessageModel.swift */; };
		E5ABF8731FA9D79B009E1855 /* GroupActivityCollectionViewCell.swift in Sources */ = {isa = PBXBuildFile; fileRef = E5ABF8711FA9D79B009E1855 /* GroupActivityCollectionViewCell.swift */; };
		E5ABF8741FA9D79B009E1855 /* GroupActivityCollectionViewCell.xib in Resources */ = {isa = PBXBuildFile; fileRef = E5ABF8721FA9D79B009E1855 /* GroupActivityCollectionViewCell.xib */; };
		E5ABF8761FA9D979009E1855 /* GroupActivityPresenter.swift in Sources */ = {isa = PBXBuildFile; fileRef = E5ABF8751FA9D979009E1855 /* GroupActivityPresenter.swift */; };
		E5C5C0D61FA1B92800CDA138 /* TextMessagesViewModelBuilder.swift in Sources */ = {isa = PBXBuildFile; fileRef = E5C5C0D51FA1B92800CDA138 /* TextMessagesViewModelBuilder.swift */; };
/* End PBXBuildFile section */

/* Begin PBXCopyFilesBuildPhase section */
		00C8F1C71F987BBB008D9C8F /* CopyFiles */ = {
			isa = PBXCopyFilesBuildPhase;
			buildActionMask = 2147483647;
			dstPath = "";
			dstSubfolderSpec = 10;
			files = (
				00C8F1C81F987BD3008D9C8F /* Chatto.framework in CopyFiles */,
				00C8F1C91F987BD3008D9C8F /* ChattoAdditions.framework in CopyFiles */,
			);
			runOnlyForDeploymentPostprocessing = 0;
		};
/* End PBXCopyFilesBuildPhase section */

/* Begin PBXFileReference section */
		00CFEA1C1F9DEA3300DFE2DE /* DemoTextMessageHandler.swift */ = {isa = PBXFileReference; fileEncoding = 4; lastKnownFileType = sourcecode.swift; path = DemoTextMessageHandler.swift; sourceTree = "<group>"; };
		00CFEA1D1F9DEA3300DFE2DE /* DemoTextMessageModel.swift */ = {isa = PBXFileReference; fileEncoding = 4; lastKnownFileType = sourcecode.swift; path = DemoTextMessageModel.swift; sourceTree = "<group>"; };
		00CFEA1E1F9DEA3300DFE2DE /* DemoTextMessageViewModel.swift */ = {isa = PBXFileReference; fileEncoding = 4; lastKnownFileType = sourcecode.swift; path = DemoTextMessageViewModel.swift; sourceTree = "<group>"; };
		00CFEA241F9DEAD800DFE2DE /* BaseMessageHandler.swift */ = {isa = PBXFileReference; fileEncoding = 4; lastKnownFileType = sourcecode.swift; path = BaseMessageHandler.swift; sourceTree = "<group>"; };
		00CFEA271F9DEF9100DFE2DE /* FakeDataSource.swift */ = {isa = PBXFileReference; fileEncoding = 4; lastKnownFileType = sourcecode.swift; path = FakeDataSource.swift; sourceTree = "<group>"; };
		00CFEA281F9DEF9100DFE2DE /* FakeMessageFactory.swift */ = {isa = PBXFileReference; fileEncoding = 4; lastKnownFileType = sourcecode.swift; path = FakeMessageFactory.swift; sourceTree = "<group>"; };
		00CFEA291F9DEF9100DFE2DE /* FakeMessageSender.swift */ = {isa = PBXFileReference; fileEncoding = 4; lastKnownFileType = sourcecode.swift; path = FakeMessageSender.swift; sourceTree = "<group>"; };
		00CFEA2A1F9DEF9100DFE2DE /* SlidingDatasSource.swift */ = {isa = PBXFileReference; fileEncoding = 4; lastKnownFileType = sourcecode.swift; path = SlidingDatasSource.swift; sourceTree = "<group>"; };
		00CFEA301F9DFD6600DFE2DE /* BaseMessageCollectionViewCellAvatarStyle.swift */ = {isa = PBXFileReference; fileEncoding = 4; lastKnownFileType = sourcecode.swift; path = BaseMessageCollectionViewCellAvatarStyle.swift; sourceTree = "<group>"; };
		00CFEA321F9E12C400DFE2DE /* ChatItemsDemoDecorator.swift */ = {isa = PBXFileReference; fileEncoding = 4; lastKnownFileType = sourcecode.swift; path = ChatItemsDemoDecorator.swift; sourceTree = "<group>"; };
		00CFEA351F9E133600DFE2DE /* SendingStatusCollectionViewCell.swift */ = {isa = PBXFileReference; fileEncoding = 4; lastKnownFileType = sourcecode.swift; path = SendingStatusCollectionViewCell.swift; sourceTree = "<group>"; };
		00CFEA361F9E133600DFE2DE /* SendingStatusCollectionViewCell.xib */ = {isa = PBXFileReference; fileEncoding = 4; lastKnownFileType = file.xib; path = SendingStatusCollectionViewCell.xib; sourceTree = "<group>"; };
		00CFEA371F9E133600DFE2DE /* SendingStatusPresenter.swift */ = {isa = PBXFileReference; fileEncoding = 4; lastKnownFileType = sourcecode.swift; path = SendingStatusPresenter.swift; sourceTree = "<group>"; };
		00CFEA3B1F9F106700DFE2DE /* V2StartViewController.swift */ = {isa = PBXFileReference; fileEncoding = 4; lastKnownFileType = sourcecode.swift; path = V2StartViewController.swift; sourceTree = "<group>"; };
		00CFEA411F9F667900DFE2DE /* Message+CoreDataClass.swift */ = {isa = PBXFileReference; fileEncoding = 4; lastKnownFileType = sourcecode.swift; name = "Message+CoreDataClass.swift"; path = "MessageModule/Message+CoreDataClass.swift"; sourceTree = SOURCE_ROOT; };
		00CFEA421F9F667900DFE2DE /* Message+CoreDataProperties.swift */ = {isa = PBXFileReference; fileEncoding = 4; lastKnownFileType = sourcecode.swift; name = "Message+CoreDataProperties.swift"; path = "MessageModule/Message+CoreDataProperties.swift"; sourceTree = SOURCE_ROOT; };
		00CFEA451F9F66A000DFE2DE /* Conversation+CoreDataClass.swift */ = {isa = PBXFileReference; fileEncoding = 4; lastKnownFileType = sourcecode.swift; name = "Conversation+CoreDataClass.swift"; path = "MessageModule/Conversation+CoreDataClass.swift"; sourceTree = SOURCE_ROOT; };
		00CFEA461F9F66A000DFE2DE /* Conversation+CoreDataProperties.swift */ = {isa = PBXFileReference; fileEncoding = 4; lastKnownFileType = sourcecode.swift; name = "Conversation+CoreDataProperties.swift"; path = "MessageModule/Conversation+CoreDataProperties.swift"; sourceTree = SOURCE_ROOT; };
		00CFEA471F9F66A000DFE2DE /* User+CoreDataClass.swift */ = {isa = PBXFileReference; fileEncoding = 4; lastKnownFileType = sourcecode.swift; name = "User+CoreDataClass.swift"; path = "MessageModule/User+CoreDataClass.swift"; sourceTree = SOURCE_ROOT; };
		00CFEA481F9F66A000DFE2DE /* User+CoreDataProperties.swift */ = {isa = PBXFileReference; fileEncoding = 4; lastKnownFileType = sourcecode.swift; name = "User+CoreDataProperties.swift"; path = "MessageModule/User+CoreDataProperties.swift"; sourceTree = SOURCE_ROOT; };
		00CFEA4D1F9F66EA00DFE2DE /* Media+CoreDataClass.swift */ = {isa = PBXFileReference; fileEncoding = 4; lastKnownFileType = sourcecode.swift; name = "Media+CoreDataClass.swift"; path = "MessageModule/Media+CoreDataClass.swift"; sourceTree = SOURCE_ROOT; };
		00CFEA4E1F9F66EA00DFE2DE /* Media+CoreDataProperties.swift */ = {isa = PBXFileReference; fileEncoding = 4; lastKnownFileType = sourcecode.swift; name = "Media+CoreDataProperties.swift"; path = "MessageModule/Media+CoreDataProperties.swift"; sourceTree = SOURCE_ROOT; };
		00CFEA521F9F691B00DFE2DE /* 151902321.xcdatamodel */ = {isa = PBXFileReference; lastKnownFileType = wrapper.xcdatamodel; path = 151902321.xcdatamodel; sourceTree = "<group>"; };
		00CFEA531F9F691B00DFE2DE /* FNS-Health.xcdatamodel */ = {isa = PBXFileReference; lastKnownFileType = wrapper.xcdatamodel; path = "FNS-Health.xcdatamodel"; sourceTree = "<group>"; };
		00CFEA571FA062DF00DFE2DE /* MessageDataSource.swift */ = {isa = PBXFileReference; fileEncoding = 4; lastKnownFileType = sourcecode.swift; name = MessageDataSource.swift; path = MessageModule/DataSource/MessageDataSource.swift; sourceTree = SOURCE_ROOT; };
		00CFEA591FA0672300DFE2DE /* CoreData.framework */ = {isa = PBXFileReference; lastKnownFileType = wrapper.framework; name = CoreData.framework; path = System/Library/Frameworks/CoreData.framework; sourceTree = SDKROOT; };
		00CFEA5B1FA08D3C00DFE2DE /* MockMessageFactory.swift */ = {isa = PBXFileReference; fileEncoding = 4; lastKnownFileType = sourcecode.swift; name = MockMessageFactory.swift; path = MessageModule/DataSource/MockMessageFactory.swift; sourceTree = SOURCE_ROOT; };
		00CFEA5E1FA1AFC200DFE2DE /* ConversationViewController.swift */ = {isa = PBXFileReference; fileEncoding = 4; lastKnownFileType = sourcecode.swift; name = ConversationViewController.swift; path = MessageModule/ViewControllers/ConversationViewController.swift; sourceTree = SOURCE_ROOT; };
		00CFEA611FA334FD00DFE2DE /* MessageSender.swift */ = {isa = PBXFileReference; fileEncoding = 4; lastKnownFileType = sourcecode.swift; name = MessageSender.swift; path = MessageModule/MessageSender/MessageSender.swift; sourceTree = SOURCE_ROOT; };
		00CFEA641FA34FBA00DFE2DE /* FNSBaseMessageHandler.swift */ = {isa = PBXFileReference; fileEncoding = 4; lastKnownFileType = sourcecode.swift; name = FNSBaseMessageHandler.swift; path = MessageModule/MessageHandler/FNSBaseMessageHandler.swift; sourceTree = SOURCE_ROOT; };
		00CFEA651FA34FBA00DFE2DE /* FNSTextMessageHandler.swift */ = {isa = PBXFileReference; fileEncoding = 4; lastKnownFileType = sourcecode.swift; name = FNSTextMessageHandler.swift; path = MessageModule/MessageHandler/FNSTextMessageHandler.swift; sourceTree = SOURCE_ROOT; };
		E504257C1F975739007B50B1 /* ChatViewController.swift */ = {isa = PBXFileReference; fileEncoding = 4; lastKnownFileType = sourcecode.swift; path = ChatViewController.swift; sourceTree = "<group>"; };
		E54B86F41FA6FF7600A0247B /* V2ChatItemsDecorator.swift */ = {isa = PBXFileReference; fileEncoding = 4; lastKnownFileType = sourcecode.swift; path = V2ChatItemsDecorator.swift; sourceTree = "<group>"; };
		E55557241FAC761000D10BD5 /* SenderTimestampCollectionViewCell.swift */ = {isa = PBXFileReference; fileEncoding = 4; lastKnownFileType = sourcecode.swift; path = SenderTimestampCollectionViewCell.swift; sourceTree = "<group>"; };
		E55557251FAC761000D10BD5 /* SenderTimestampCollectionViewCell.xib */ = {isa = PBXFileReference; fileEncoding = 4; lastKnownFileType = file.xib; path = SenderTimestampCollectionViewCell.xib; sourceTree = "<group>"; };
		E55557281FAC7ADD00D10BD5 /* SenderTimestampModel.swift */ = {isa = PBXFileReference; fileEncoding = 4; lastKnownFileType = sourcecode.swift; path = SenderTimestampModel.swift; sourceTree = "<group>"; };
		E555572A1FAC7D3A00D10BD5 /* SenderTimestampPresenter.swift */ = {isa = PBXFileReference; fileEncoding = 4; lastKnownFileType = sourcecode.swift; path = SenderTimestampPresenter.swift; sourceTree = "<group>"; };
		E559FB741F972EC600D9D186 /* V2POC_Chatto.app */ = {isa = PBXFileReference; explicitFileType = wrapper.application; includeInIndex = 0; path = V2POC_Chatto.app; sourceTree = BUILT_PRODUCTS_DIR; };
		E559FB771F972EC600D9D186 /* AppDelegate.swift */ = {isa = PBXFileReference; lastKnownFileType = sourcecode.swift; path = AppDelegate.swift; sourceTree = "<group>"; };
		E559FB791F972EC600D9D186 /* ViewController.swift */ = {isa = PBXFileReference; lastKnownFileType = sourcecode.swift; path = ViewController.swift; sourceTree = "<group>"; };
		E559FB7C1F972EC600D9D186 /* Base */ = {isa = PBXFileReference; lastKnownFileType = file.storyboard; name = Base; path = Base.lproj/Main.storyboard; sourceTree = "<group>"; };
		E559FB7E1F972EC600D9D186 /* Assets.xcassets */ = {isa = PBXFileReference; lastKnownFileType = folder.assetcatalog; path = Assets.xcassets; sourceTree = "<group>"; };
		E559FB811F972EC600D9D186 /* Base */ = {isa = PBXFileReference; lastKnownFileType = file.storyboard; name = Base; path = Base.lproj/LaunchScreen.storyboard; sourceTree = "<group>"; };
		E559FB831F972EC600D9D186 /* Info.plist */ = {isa = PBXFileReference; lastKnownFileType = text.plist.xml; path = Info.plist; sourceTree = "<group>"; };
		E559FC871F97366A00D9D186 /* Chatto.framework */ = {isa = PBXFileReference; lastKnownFileType = wrapper.framework; name = Chatto.framework; path = Carthage/Build/iOS/Chatto.framework; sourceTree = "<group>"; };
		E559FC881F97366A00D9D186 /* ChattoAdditions.framework */ = {isa = PBXFileReference; lastKnownFileType = wrapper.framework; name = ChattoAdditions.framework; path = Carthage/Build/iOS/ChattoAdditions.framework; sourceTree = "<group>"; };
		E59947711FA3043E009EF294 /* FNSTextMessageViewModel.swift */ = {isa = PBXFileReference; fileEncoding = 4; lastKnownFileType = sourcecode.swift; path = FNSTextMessageViewModel.swift; sourceTree = "<group>"; };
		E59947751FA30F72009EF294 /* FNSTextMessageModel.swift */ = {isa = PBXFileReference; fileEncoding = 4; lastKnownFileType = sourcecode.swift; path = FNSTextMessageModel.swift; sourceTree = "<group>"; };
		E5ABF8711FA9D79B009E1855 /* GroupActivityCollectionViewCell.swift */ = {isa = PBXFileReference; fileEncoding = 4; lastKnownFileType = sourcecode.swift; path = GroupActivityCollectionViewCell.swift; sourceTree = "<group>"; };
		E5ABF8721FA9D79B009E1855 /* GroupActivityCollectionViewCell.xib */ = {isa = PBXFileReference; fileEncoding = 4; lastKnownFileType = file.xib; path = GroupActivityCollectionViewCell.xib; sourceTree = "<group>"; };
		E5ABF8751FA9D979009E1855 /* GroupActivityPresenter.swift */ = {isa = PBXFileReference; fileEncoding = 4; lastKnownFileType = sourcecode.swift; path = GroupActivityPresenter.swift; sourceTree = "<group>"; };
		E5C5C0D51FA1B92800CDA138 /* TextMessagesViewModelBuilder.swift */ = {isa = PBXFileReference; fileEncoding = 4; lastKnownFileType = sourcecode.swift; path = TextMessagesViewModelBuilder.swift; sourceTree = "<group>"; };
/* End PBXFileReference section */

/* Begin PBXFrameworksBuildPhase section */
		E559FB711F972EC600D9D186 /* Frameworks */ = {
			isa = PBXFrameworksBuildPhase;
			buildActionMask = 2147483647;
			files = (
				00CFEA5A1FA0672300DFE2DE /* CoreData.framework in Frameworks */,
				E559FC891F97366B00D9D186 /* Chatto.framework in Frameworks */,
				E559FC8A1F97366B00D9D186 /* ChattoAdditions.framework in Frameworks */,
			);
			runOnlyForDeploymentPostprocessing = 0;
		};
/* End PBXFrameworksBuildPhase section */

/* Begin PBXGroup section */
		00CFEA221F9DEA4C00DFE2DE /* Text Messages */ = {
			isa = PBXGroup;
			children = (
				00CFEA341F9E132700DFE2DE /* SendingStatus */,
				00CFEA261F9DEF8100DFE2DE /* FakeMessageData */,
				00CFEA231F9DEA9100DFE2DE /* Handler */,
				00CFEA1C1F9DEA3300DFE2DE /* DemoTextMessageHandler.swift */,
				00CFEA1D1F9DEA3300DFE2DE /* DemoTextMessageModel.swift */,
				00CFEA1E1F9DEA3300DFE2DE /* DemoTextMessageViewModel.swift */,
			);
			name = "Text Messages";
			sourceTree = "<group>";
		};
		00CFEA231F9DEA9100DFE2DE /* Handler */ = {
			isa = PBXGroup;
			children = (
				00CFEA241F9DEAD800DFE2DE /* BaseMessageHandler.swift */,
			);
			name = Handler;
			sourceTree = "<group>";
		};
		00CFEA261F9DEF8100DFE2DE /* FakeMessageData */ = {
			isa = PBXGroup;
			children = (
				00CFEA321F9E12C400DFE2DE /* ChatItemsDemoDecorator.swift */,
				00CFEA301F9DFD6600DFE2DE /* BaseMessageCollectionViewCellAvatarStyle.swift */,
				00CFEA271F9DEF9100DFE2DE /* FakeDataSource.swift */,
				00CFEA281F9DEF9100DFE2DE /* FakeMessageFactory.swift */,
				00CFEA291F9DEF9100DFE2DE /* FakeMessageSender.swift */,
				00CFEA2A1F9DEF9100DFE2DE /* SlidingDatasSource.swift */,
			);
			name = FakeMessageData;
			sourceTree = "<group>";
		};
		00CFEA341F9E132700DFE2DE /* SendingStatus */ = {
			isa = PBXGroup;
			children = (
				00CFEA351F9E133600DFE2DE /* SendingStatusCollectionViewCell.swift */,
				00CFEA361F9E133600DFE2DE /* SendingStatusCollectionViewCell.xib */,
				00CFEA371F9E133600DFE2DE /* SendingStatusPresenter.swift */,
			);
			name = SendingStatus;
			sourceTree = "<group>";
		};
		00CFEA3E1F9F5D6500DFE2DE /* MessageModule */ = {
			isa = PBXGroup;
			children = (
				E55557231FAC75F200D10BD5 /* SenderTimeStamp */,
				E5ABF8701FA9D785009E1855 /* GroupActivity */,
				00CFEA631FA34F5D00DFE2DE /* MessageHandler */,
				00CFEA601FA3349300DFE2DE /* MessageSender */,
				E5C5C0D41FA1B8D400CDA138 /* V2TextMessages */,
				00CFEA5D1FA1AFA000DFE2DE /* ViewControllers */,
				00CFEA561FA062AB00DFE2DE /* DataSource */,
				00CFEA551FA05FE400DFE2DE /* CoreDataClasses */,
				00CFEA511F9F691B00DFE2DE /* FNS-Health.xcdatamodeld */,
			);
			name = MessageModule;
			sourceTree = "<group>";
		};
		00CFEA551FA05FE400DFE2DE /* CoreDataClasses */ = {
			isa = PBXGroup;
			children = (
				00CFEA4D1F9F66EA00DFE2DE /* Media+CoreDataClass.swift */,
				00CFEA4E1F9F66EA00DFE2DE /* Media+CoreDataProperties.swift */,
				00CFEA451F9F66A000DFE2DE /* Conversation+CoreDataClass.swift */,
				00CFEA461F9F66A000DFE2DE /* Conversation+CoreDataProperties.swift */,
				00CFEA471F9F66A000DFE2DE /* User+CoreDataClass.swift */,
				00CFEA481F9F66A000DFE2DE /* User+CoreDataProperties.swift */,
				00CFEA411F9F667900DFE2DE /* Message+CoreDataClass.swift */,
				00CFEA421F9F667900DFE2DE /* Message+CoreDataProperties.swift */,
			);
			name = CoreDataClasses;
			sourceTree = "<group>";
		};
		00CFEA561FA062AB00DFE2DE /* DataSource */ = {
			isa = PBXGroup;
			children = (
				00CFEA571FA062DF00DFE2DE /* MessageDataSource.swift */,
				00CFEA5B1FA08D3C00DFE2DE /* MockMessageFactory.swift */,
			);
			name = DataSource;
			sourceTree = "<group>";
		};
		00CFEA5D1FA1AFA000DFE2DE /* ViewControllers */ = {
			isa = PBXGroup;
			children = (
				00CFEA5E1FA1AFC200DFE2DE /* ConversationViewController.swift */,
			);
			name = ViewControllers;
			sourceTree = "<group>";
		};
		00CFEA601FA3349300DFE2DE /* MessageSender */ = {
			isa = PBXGroup;
			children = (
				00CFEA611FA334FD00DFE2DE /* MessageSender.swift */,
			);
			name = MessageSender;
			sourceTree = "<group>";
		};
		00CFEA631FA34F5D00DFE2DE /* MessageHandler */ = {
			isa = PBXGroup;
			children = (
				00CFEA641FA34FBA00DFE2DE /* FNSBaseMessageHandler.swift */,
				00CFEA651FA34FBA00DFE2DE /* FNSTextMessageHandler.swift */,
			);
			name = MessageHandler;
			sourceTree = "<group>";
		};
		E54B86F31FA6FF0100A0247B /* Decorator */ = {
			isa = PBXGroup;
			children = (
				E54B86F41FA6FF7600A0247B /* V2ChatItemsDecorator.swift */,
			);
			name = Decorator;
			sourceTree = "<group>";
		};
		E55557231FAC75F200D10BD5 /* SenderTimeStamp */ = {
			isa = PBXGroup;
			children = (
				E55557241FAC761000D10BD5 /* SenderTimestampCollectionViewCell.swift */,
				E55557251FAC761000D10BD5 /* SenderTimestampCollectionViewCell.xib */,
				E55557281FAC7ADD00D10BD5 /* SenderTimestampModel.swift */,
				E555572A1FAC7D3A00D10BD5 /* SenderTimestampPresenter.swift */,
			);
			name = SenderTimeStamp;
			path = MessageModule/SenderTimeStamp;
			sourceTree = SOURCE_ROOT;
		};
		E559FB6B1F972EC500D9D186 = {
			isa = PBXGroup;
			children = (
				E559FB761F972EC600D9D186 /* V2POC_Chatto */,
				E559FB751F972EC600D9D186 /* Products */,
				E559FC861F97366A00D9D186 /* Frameworks */,
			);
			sourceTree = "<group>";
		};
		E559FB751F972EC600D9D186 /* Products */ = {
			isa = PBXGroup;
			children = (
				E559FB741F972EC600D9D186 /* V2POC_Chatto.app */,
			);
			name = Products;
			sourceTree = "<group>";
		};
		E559FB761F972EC600D9D186 /* V2POC_Chatto */ = {
			isa = PBXGroup;
			children = (
				E54B86F31FA6FF0100A0247B /* Decorator */,
				00CFEA3E1F9F5D6500DFE2DE /* MessageModule */,
				00CFEA221F9DEA4C00DFE2DE /* Text Messages */,
				E559FB771F972EC600D9D186 /* AppDelegate.swift */,
				E559FB791F972EC600D9D186 /* ViewController.swift */,
				E504257C1F975739007B50B1 /* ChatViewController.swift */,
				E559FB7B1F972EC600D9D186 /* Main.storyboard */,
				E559FB7E1F972EC600D9D186 /* Assets.xcassets */,
				E559FB801F972EC600D9D186 /* LaunchScreen.storyboard */,
				E559FB831F972EC600D9D186 /* Info.plist */,
				00CFEA3B1F9F106700DFE2DE /* V2StartViewController.swift */,
			);
			path = V2POC_Chatto;
			sourceTree = "<group>";
		};
		E559FC861F97366A00D9D186 /* Frameworks */ = {
			isa = PBXGroup;
			children = (
				00CFEA591FA0672300DFE2DE /* CoreData.framework */,
				E559FC871F97366A00D9D186 /* Chatto.framework */,
				E559FC881F97366A00D9D186 /* ChattoAdditions.framework */,
			);
			name = Frameworks;
			sourceTree = "<group>";
		};
		E5ABF8701FA9D785009E1855 /* GroupActivity */ = {
			isa = PBXGroup;
			children = (
				E5ABF8711FA9D79B009E1855 /* GroupActivityCollectionViewCell.swift */,
				E5ABF8721FA9D79B009E1855 /* GroupActivityCollectionViewCell.xib */,
				E5ABF8751FA9D979009E1855 /* GroupActivityPresenter.swift */,
			);
			name = GroupActivity;
			path = MessageModule/GroupActivity;
			sourceTree = SOURCE_ROOT;
		};
		E5C5C0D41FA1B8D400CDA138 /* V2TextMessages */ = {
			isa = PBXGroup;
			children = (
				E59947751FA30F72009EF294 /* FNSTextMessageModel.swift */,
				E59947711FA3043E009EF294 /* FNSTextMessageViewModel.swift */,
				E5C5C0D51FA1B92800CDA138 /* TextMessagesViewModelBuilder.swift */,
			);
			name = V2TextMessages;
			path = MessageModule/TextMessages;
			sourceTree = SOURCE_ROOT;
		};
/* End PBXGroup section */

/* Begin PBXNativeTarget section */
		E559FB731F972EC600D9D186 /* V2POC_Chatto */ = {
			isa = PBXNativeTarget;
			buildConfigurationList = E559FB861F972EC600D9D186 /* Build configuration list for PBXNativeTarget "V2POC_Chatto" */;
			buildPhases = (
				E559FB701F972EC600D9D186 /* Sources */,
				E559FB711F972EC600D9D186 /* Frameworks */,
				E559FB721F972EC600D9D186 /* Resources */,
				E559FC8B1F9736AF00D9D186 /* ShellScript */,
				00C8F1C71F987BBB008D9C8F /* CopyFiles */,
			);
			buildRules = (
			);
			dependencies = (
			);
			name = V2POC_Chatto;
			productName = V2POC_Chatto;
			productReference = E559FB741F972EC600D9D186 /* V2POC_Chatto.app */;
			productType = "com.apple.product-type.application";
		};
/* End PBXNativeTarget section */

/* Begin PBXProject section */
		E559FB6C1F972EC600D9D186 /* Project object */ = {
			isa = PBXProject;
			attributes = {
				LastSwiftUpdateCheck = 0830;
				LastUpgradeCheck = 0830;
				ORGANIZATIONNAME = apoorva;
				TargetAttributes = {
					E559FB731F972EC600D9D186 = {
						CreatedOnToolsVersion = 8.3.3;
						DevelopmentTeam = R8KTDQQ98S;
						ProvisioningStyle = Automatic;
					};
				};
			};
			buildConfigurationList = E559FB6F1F972EC600D9D186 /* Build configuration list for PBXProject "V2POC_Chatto" */;
			compatibilityVersion = "Xcode 3.2";
			developmentRegion = English;
			hasScannedForEncodings = 0;
			knownRegions = (
				en,
				Base,
			);
			mainGroup = E559FB6B1F972EC500D9D186;
			productRefGroup = E559FB751F972EC600D9D186 /* Products */;
			projectDirPath = "";
			projectRoot = "";
			targets = (
				E559FB731F972EC600D9D186 /* V2POC_Chatto */,
			);
		};
/* End PBXProject section */

/* Begin PBXResourcesBuildPhase section */
		E559FB721F972EC600D9D186 /* Resources */ = {
			isa = PBXResourcesBuildPhase;
			buildActionMask = 2147483647;
			files = (
				E55557271FAC761000D10BD5 /* SenderTimestampCollectionViewCell.xib in Resources */,
				E559FB821F972EC600D9D186 /* LaunchScreen.storyboard in Resources */,
				E559FB7F1F972EC600D9D186 /* Assets.xcassets in Resources */,
				E559FB7D1F972EC600D9D186 /* Main.storyboard in Resources */,
				00CFEA391F9E133600DFE2DE /* SendingStatusCollectionViewCell.xib in Resources */,
				E5ABF8741FA9D79B009E1855 /* GroupActivityCollectionViewCell.xib in Resources */,
			);
			runOnlyForDeploymentPostprocessing = 0;
		};
/* End PBXResourcesBuildPhase section */

/* Begin PBXShellScriptBuildPhase section */
		E559FC8B1F9736AF00D9D186 /* ShellScript */ = {
			isa = PBXShellScriptBuildPhase;
			buildActionMask = 2147483647;
			files = (
			);
			inputPaths = (
				"$(SRCROOT)/Carthage/Build/iOS/Chatto.framework",
				"$(SRCROOT)/Carthage/Build/iOS/ChattoAdditions.framework",
			);
			outputPaths = (
			);
			runOnlyForDeploymentPostprocessing = 0;
			shellPath = /bin/sh;
			shellScript = "/usr/local/bin/carthage copy-frameworks";
		};
/* End PBXShellScriptBuildPhase section */

/* Begin PBXSourcesBuildPhase section */
		E559FB701F972EC600D9D186 /* Sources */ = {
			isa = PBXSourcesBuildPhase;
			buildActionMask = 2147483647;
			files = (
				00CFEA4F1F9F66EA00DFE2DE /* Media+CoreDataClass.swift in Sources */,
				00CFEA311F9DFD6600DFE2DE /* BaseMessageCollectionViewCellAvatarStyle.swift in Sources */,
				00CFEA4A1F9F66A000DFE2DE /* Conversation+CoreDataProperties.swift in Sources */,
				00CFEA211F9DEA3300DFE2DE /* DemoTextMessageViewModel.swift in Sources */,
				00CFEA2B1F9DEF9100DFE2DE /* FakeDataSource.swift in Sources */,
				E5ABF8731FA9D79B009E1855 /* GroupActivityCollectionViewCell.swift in Sources */,
				00CFEA331F9E12C400DFE2DE /* ChatItemsDemoDecorator.swift in Sources */,
				00CFEA3A1F9E133600DFE2DE /* SendingStatusPresenter.swift in Sources */,
				00CFEA1F1F9DEA3300DFE2DE /* DemoTextMessageHandler.swift in Sources */,
				00CFEA621FA334FD00DFE2DE /* MessageSender.swift in Sources */,
				00CFEA671FA34FBA00DFE2DE /* FNSTextMessageHandler.swift in Sources */,
				E55557291FAC7ADD00D10BD5 /* SenderTimestampModel.swift in Sources */,
				E54B86F51FA6FF7600A0247B /* V2ChatItemsDecorator.swift in Sources */,
				00CFEA5C1FA08D3C00DFE2DE /* MockMessageFactory.swift in Sources */,
				E59947761FA30F72009EF294 /* FNSTextMessageModel.swift in Sources */,
				00CFEA581FA062DF00DFE2DE /* MessageDataSource.swift in Sources */,
				00CFEA4B1F9F66A000DFE2DE /* User+CoreDataClass.swift in Sources */,
				E559FB7A1F972EC600D9D186 /* ViewController.swift in Sources */,
				00CFEA491F9F66A000DFE2DE /* Conversation+CoreDataClass.swift in Sources */,
				E55557261FAC761000D10BD5 /* SenderTimestampCollectionViewCell.swift in Sources */,
				00CFEA251F9DEAD800DFE2DE /* BaseMessageHandler.swift in Sources */,
				00CFEA5F1FA1AFC200DFE2DE /* ConversationViewController.swift in Sources */,
				E555572B1FAC7D3E00D10BD5 /* SenderTimestampPresenter.swift in Sources */,
				00CFEA431F9F667900DFE2DE /* Message+CoreDataClass.swift in Sources */,
				00CFEA381F9E133600DFE2DE /* SendingStatusCollectionViewCell.swift in Sources */,
				E5C5C0D61FA1B92800CDA138 /* TextMessagesViewModelBuilder.swift in Sources */,
				00CFEA541F9F691B00DFE2DE /* FNS-Health.xcdatamodeld in Sources */,
				00CFEA2E1F9DEF9100DFE2DE /* SlidingDatasSource.swift in Sources */,
				E59947721FA3043E009EF294 /* FNSTextMessageViewModel.swift in Sources */,
				00CFEA501F9F66EA00DFE2DE /* Media+CoreDataProperties.swift in Sources */,
				E504257D1F975739007B50B1 /* ChatViewController.swift in Sources */,
				00CFEA3C1F9F106700DFE2DE /* V2StartViewController.swift in Sources */,
				00CFEA201F9DEA3300DFE2DE /* DemoTextMessageModel.swift in Sources */,
				00CFEA2D1F9DEF9100DFE2DE /* FakeMessageSender.swift in Sources */,
				00CFEA661FA34FBA00DFE2DE /* FNSBaseMessageHandler.swift in Sources */,
				00CFEA4C1F9F66A000DFE2DE /* User+CoreDataProperties.swift in Sources */,
				E5ABF8761FA9D979009E1855 /* GroupActivityPresenter.swift in Sources */,
				E559FB781F972EC600D9D186 /* AppDelegate.swift in Sources */,
				00CFEA2C1F9DEF9100DFE2DE /* FakeMessageFactory.swift in Sources */,
				00CFEA441F9F667900DFE2DE /* Message+CoreDataProperties.swift in Sources */,
			);
			runOnlyForDeploymentPostprocessing = 0;
		};
/* End PBXSourcesBuildPhase section */

/* Begin PBXVariantGroup section */
		E559FB7B1F972EC600D9D186 /* Main.storyboard */ = {
			isa = PBXVariantGroup;
			children = (
				E559FB7C1F972EC600D9D186 /* Base */,
			);
			name = Main.storyboard;
			sourceTree = "<group>";
		};
		E559FB801F972EC600D9D186 /* LaunchScreen.storyboard */ = {
			isa = PBXVariantGroup;
			children = (
				E559FB811F972EC600D9D186 /* Base */,
			);
			name = LaunchScreen.storyboard;
			sourceTree = "<group>";
		};
/* End PBXVariantGroup section */

/* Begin XCBuildConfiguration section */
		E559FB841F972EC600D9D186 /* Debug */ = {
			isa = XCBuildConfiguration;
			buildSettings = {
				ALWAYS_SEARCH_USER_PATHS = NO;
				CLANG_ANALYZER_NONNULL = YES;
				CLANG_ANALYZER_NUMBER_OBJECT_CONVERSION = YES_AGGRESSIVE;
				CLANG_CXX_LANGUAGE_STANDARD = "gnu++0x";
				CLANG_CXX_LIBRARY = "libc++";
				CLANG_ENABLE_MODULES = YES;
				CLANG_ENABLE_OBJC_ARC = YES;
				CLANG_WARN_BOOL_CONVERSION = YES;
				CLANG_WARN_CONSTANT_CONVERSION = YES;
				CLANG_WARN_DIRECT_OBJC_ISA_USAGE = YES_ERROR;
				CLANG_WARN_DOCUMENTATION_COMMENTS = YES;
				CLANG_WARN_EMPTY_BODY = YES;
				CLANG_WARN_ENUM_CONVERSION = YES;
				CLANG_WARN_INFINITE_RECURSION = YES;
				CLANG_WARN_INT_CONVERSION = YES;
				CLANG_WARN_OBJC_ROOT_CLASS = YES_ERROR;
				CLANG_WARN_SUSPICIOUS_MOVE = YES;
				CLANG_WARN_UNREACHABLE_CODE = YES;
				CLANG_WARN__DUPLICATE_METHOD_MATCH = YES;
				"CODE_SIGN_IDENTITY[sdk=iphoneos*]" = "iPhone Developer";
				COPY_PHASE_STRIP = NO;
				DEBUG_INFORMATION_FORMAT = dwarf;
				ENABLE_STRICT_OBJC_MSGSEND = YES;
				ENABLE_TESTABILITY = YES;
				GCC_C_LANGUAGE_STANDARD = gnu99;
				GCC_DYNAMIC_NO_PIC = NO;
				GCC_NO_COMMON_BLOCKS = YES;
				GCC_OPTIMIZATION_LEVEL = 0;
				GCC_PREPROCESSOR_DEFINITIONS = (
					"DEBUG=1",
					"$(inherited)",
				);
				GCC_WARN_64_TO_32_BIT_CONVERSION = YES;
				GCC_WARN_ABOUT_RETURN_TYPE = YES_ERROR;
				GCC_WARN_UNDECLARED_SELECTOR = YES;
				GCC_WARN_UNINITIALIZED_AUTOS = YES_AGGRESSIVE;
				GCC_WARN_UNUSED_FUNCTION = YES;
				GCC_WARN_UNUSED_VARIABLE = YES;
				IPHONEOS_DEPLOYMENT_TARGET = 9.0;
				MTL_ENABLE_DEBUG_INFO = YES;
				ONLY_ACTIVE_ARCH = YES;
				SDKROOT = iphoneos;
				SWIFT_ACTIVE_COMPILATION_CONDITIONS = DEBUG;
				SWIFT_OPTIMIZATION_LEVEL = "-Onone";
				TARGETED_DEVICE_FAMILY = "1,2";
			};
			name = Debug;
		};
		E559FB851F972EC600D9D186 /* Release */ = {
			isa = XCBuildConfiguration;
			buildSettings = {
				ALWAYS_SEARCH_USER_PATHS = NO;
				CLANG_ANALYZER_NONNULL = YES;
				CLANG_ANALYZER_NUMBER_OBJECT_CONVERSION = YES_AGGRESSIVE;
				CLANG_CXX_LANGUAGE_STANDARD = "gnu++0x";
				CLANG_CXX_LIBRARY = "libc++";
				CLANG_ENABLE_MODULES = YES;
				CLANG_ENABLE_OBJC_ARC = YES;
				CLANG_WARN_BOOL_CONVERSION = YES;
				CLANG_WARN_CONSTANT_CONVERSION = YES;
				CLANG_WARN_DIRECT_OBJC_ISA_USAGE = YES_ERROR;
				CLANG_WARN_DOCUMENTATION_COMMENTS = YES;
				CLANG_WARN_EMPTY_BODY = YES;
				CLANG_WARN_ENUM_CONVERSION = YES;
				CLANG_WARN_INFINITE_RECURSION = YES;
				CLANG_WARN_INT_CONVERSION = YES;
				CLANG_WARN_OBJC_ROOT_CLASS = YES_ERROR;
				CLANG_WARN_SUSPICIOUS_MOVE = YES;
				CLANG_WARN_UNREACHABLE_CODE = YES;
				CLANG_WARN__DUPLICATE_METHOD_MATCH = YES;
				"CODE_SIGN_IDENTITY[sdk=iphoneos*]" = "iPhone Developer";
				COPY_PHASE_STRIP = NO;
				DEBUG_INFORMATION_FORMAT = "dwarf-with-dsym";
				ENABLE_NS_ASSERTIONS = NO;
				ENABLE_STRICT_OBJC_MSGSEND = YES;
				GCC_C_LANGUAGE_STANDARD = gnu99;
				GCC_NO_COMMON_BLOCKS = YES;
				GCC_WARN_64_TO_32_BIT_CONVERSION = YES;
				GCC_WARN_ABOUT_RETURN_TYPE = YES_ERROR;
				GCC_WARN_UNDECLARED_SELECTOR = YES;
				GCC_WARN_UNINITIALIZED_AUTOS = YES_AGGRESSIVE;
				GCC_WARN_UNUSED_FUNCTION = YES;
				GCC_WARN_UNUSED_VARIABLE = YES;
				IPHONEOS_DEPLOYMENT_TARGET = 9.0;
				MTL_ENABLE_DEBUG_INFO = NO;
				SDKROOT = iphoneos;
				SWIFT_OPTIMIZATION_LEVEL = "-Owholemodule";
				TARGETED_DEVICE_FAMILY = "1,2";
				VALIDATE_PRODUCT = YES;
			};
			name = Release;
		};
		E559FB871F972EC600D9D186 /* Debug */ = {
			isa = XCBuildConfiguration;
			buildSettings = {
				ASSETCATALOG_COMPILER_APPICON_NAME = AppIcon;
				DEVELOPMENT_TEAM = R8KTDQQ98S;
				FRAMEWORK_SEARCH_PATHS = (
					"$(inherited)",
					"$(PROJECT_DIR)/Carthage/Build/iOS",
				);
				INFOPLIST_FILE = V2POC_Chatto/Info.plist;
				LD_RUNPATH_SEARCH_PATHS = "$(inherited) @executable_path/Frameworks";
				PRODUCT_BUNDLE_IDENTIFIER = "com.V2POC-Chatto";
				PRODUCT_NAME = "$(TARGET_NAME)";
				SWIFT_VERSION = 3.0;
			};
			name = Debug;
		};
		E559FB881F972EC600D9D186 /* Release */ = {
			isa = XCBuildConfiguration;
			buildSettings = {
				ASSETCATALOG_COMPILER_APPICON_NAME = AppIcon;
				DEVELOPMENT_TEAM = R8KTDQQ98S;
				FRAMEWORK_SEARCH_PATHS = (
					"$(inherited)",
					"$(PROJECT_DIR)/Carthage/Build/iOS",
				);
				INFOPLIST_FILE = V2POC_Chatto/Info.plist;
				LD_RUNPATH_SEARCH_PATHS = "$(inherited) @executable_path/Frameworks";
				PRODUCT_BUNDLE_IDENTIFIER = "com.V2POC-Chatto";
				PRODUCT_NAME = "$(TARGET_NAME)";
				SWIFT_VERSION = 3.0;
			};
			name = Release;
		};
/* End XCBuildConfiguration section */

/* Begin XCConfigurationList section */
		E559FB6F1F972EC600D9D186 /* Build configuration list for PBXProject "V2POC_Chatto" */ = {
			isa = XCConfigurationList;
			buildConfigurations = (
				E559FB841F972EC600D9D186 /* Debug */,
				E559FB851F972EC600D9D186 /* Release */,
			);
			defaultConfigurationIsVisible = 0;
			defaultConfigurationName = Release;
		};
		E559FB861F972EC600D9D186 /* Build configuration list for PBXNativeTarget "V2POC_Chatto" */ = {
			isa = XCConfigurationList;
			buildConfigurations = (
				E559FB871F972EC600D9D186 /* Debug */,
				E559FB881F972EC600D9D186 /* Release */,
			);
			defaultConfigurationIsVisible = 0;
			defaultConfigurationName = Release;
		};
/* End XCConfigurationList section */

/* Begin XCVersionGroup section */
		00CFEA511F9F691B00DFE2DE /* FNS-Health.xcdatamodeld */ = {
			isa = XCVersionGroup;
			children = (
				00CFEA521F9F691B00DFE2DE /* 151902321.xcdatamodel */,
				00CFEA531F9F691B00DFE2DE /* FNS-Health.xcdatamodel */,
			);
			currentVersion = 00CFEA521F9F691B00DFE2DE /* 151902321.xcdatamodel */;
			path = "FNS-Health.xcdatamodeld";
			sourceTree = "<group>";
			versionGroupType = wrapper.xcdatamodel;
		};
/* End XCVersionGroup section */
	};
	rootObject = E559FB6C1F972EC600D9D186 /* Project object */;
}
